
Microsoft Visual Studio Solution File, Format Version 12.00
# Visual Studio Version 17
VisualStudioVersion = 17.13.35931.197 d17.13
MinimumVisualStudioVersion = 10.0.40219.1
Project("{FAE04EC0-301F-11D3-BF4B-00C04F79EFBC}") = "Collection.Web", "Collection.Web\Collection.Web.csproj", "{A3B1E259-4D4B-4982-9624-5133C8FCA5CA}"
EndProject
Global
	GlobalSection(SolutionConfigurationPlatforms) = preSolution
		Debug|Any CPU = Debug|Any CPU
		Release|Any CPU = Release|Any CPU
	EndGlobalSection
	GlobalSection(ProjectConfigurationPlatforms) = postSolution
		{A3B1E259-4D4B-4982-9624-5133C8FCA5CA}.Debug|Any CPU.ActiveCfg = Debug|Any CPU
		{A3B1E259-4D4B-4982-9624-5133C8FCA5CA}.Debug|Any CPU.Build.0 = Debug|Any CPU
		{A3B1E259-4D4B-4982-9624-5133C8FCA5CA}.Release|Any CPU.ActiveCfg = Release|Any CPU
		{A3B1E259-4D4B-4982-9624-5133C8FCA5CA}.Release|Any CPU.Build.0 = Release|Any CPU
	EndGlobalSection
	GlobalSection(SolutionProperties) = preSolution
		HideSolutionNode = FALSE
	EndGlobalSection
	GlobalSection(ExtensibilityGlobals) = postSolution
		SolutionGuid = {72C3F8E6-3C8F-40DA-8C8C-26D65177D76F}
	EndGlobalSection
EndGlobal
